
Microsoft Visual Studio Solution File, Format Version 12.00
# Visual Studio Version 17
VisualStudioVersion = 17.5.002.0
MinimumVisualStudioVersion = 10.0.40219.1
Project("{9A19103F-16F7-4668-BE54-9A1E7A4F7556}") = "DesafioFundamentos", "DesafioFundamentos.csproj", "{AA72D476-3CA6-4C47-8E24-7FA62625554C}"
EndProject
Global
	GlobalSection(SolutionConfigurationPlatforms) = preSolution
		Debug|Any CPU = Debug|Any CPU
		Release|Any CPU = Release|Any CPU
	EndGlobalSection
	GlobalSection(ProjectConfigurationPlatforms) = postSolution
		{AA72D476-3CA6-4C47-8E24-7FA62625554C}.Debug|Any CPU.ActiveCfg = Debug|Any CPU
		{AA72D476-3CA6-4C47-8E24-7FA62625554C}.Debug|Any CPU.Build.0 = Debug|Any CPU
		{AA72D476-3CA6-4C47-8E24-7FA62625554C}.Release|Any CPU.ActiveCfg = Release|Any CPU
		{AA72D476-3CA6-4C47-8E24-7FA62625554C}.Release|Any CPU.Build.0 = Release|Any CPU
	EndGlobalSection
	GlobalSection(SolutionProperties) = preSolution
		HideSolutionNode = FALSE
	EndGlobalSection
	GlobalSection(ExtensibilityGlobals) = postSolution
		SolutionGuid = {AA8B34BC-9032-4856-9DA6-647D491100F0}
	EndGlobalSection
EndGlobal
